// !$*UTF8*$!
{
	archiveVersion = 1;
	classes = {
	};
	objectVersion = 56;
	objects = {

/* Begin PBXBuildFile section */
		28A2633F2B4045010036CE6C /* AppDelegate.swift in Sources */ = {isa = PBXBuildFile; fileRef = 28A2633E2B4045010036CE6C /* AppDelegate.swift */; };
		28A263412B4045010036CE6C /* SceneDelegate.swift in Sources */ = {isa = PBXBuildFile; fileRef = 28A263402B4045010036CE6C /* SceneDelegate.swift */; };
		28A263432B4045010036CE6C /* HomeViewController.swift in Sources */ = {isa = PBXBuildFile; fileRef = 28A263422B4045010036CE6C /* HomeViewController.swift */; };
		28A263492B4045010036CE6C /* MovieSearcherChallenge.xcdatamodeld in Sources */ = {isa = PBXBuildFile; fileRef = 28A263472B4045010036CE6C /* MovieSearcherChallenge.xcdatamodeld */; };
		28A2634B2B4045020036CE6C /* Assets.xcassets in Resources */ = {isa = PBXBuildFile; fileRef = 28A2634A2B4045020036CE6C /* Assets.xcassets */; };
		28A2635E2B404F7E0036CE6C /* Main.storyboard in Resources */ = {isa = PBXBuildFile; fileRef = 28A2635D2B404F7E0036CE6C /* Main.storyboard */; };
		28A263642B4051A40036CE6C /* Color+Extension.swift in Sources */ = {isa = PBXBuildFile; fileRef = 28A263632B4051A40036CE6C /* Color+Extension.swift */; };
		28A263662B40543D0036CE6C /* UIScreen+Extension.swift in Sources */ = {isa = PBXBuildFile; fileRef = 28A263652B40543D0036CE6C /* UIScreen+Extension.swift */; };
		28A263692B43177D0036CE6C /* HeaderView.swift in Sources */ = {isa = PBXBuildFile; fileRef = 28A263682B43177D0036CE6C /* HeaderView.swift */; };
		28A2636B2B4319FC0036CE6C /* Image+Extension.swift in Sources */ = {isa = PBXBuildFile; fileRef = 28A2636A2B4319FC0036CE6C /* Image+Extension.swift */; };
		28A2636D2B431F2A0036CE6C /* View+Extension.swift in Sources */ = {isa = PBXBuildFile; fileRef = 28A2636C2B431F2A0036CE6C /* View+Extension.swift */; };
		28A263702B4320C40036CE6C /* MovieCardView.swift in Sources */ = {isa = PBXBuildFile; fileRef = 28A2636F2B4320C40036CE6C /* MovieCardView.swift */; };
		28A263732B432BD40036CE6C /* PaginatorView.swift in Sources */ = {isa = PBXBuildFile; fileRef = 28A263722B432BD40036CE6C /* PaginatorView.swift */; };
/* End PBXBuildFile section */

/* Begin PBXFileReference section */
		28A2633B2B4045010036CE6C /* MovieSearcherChallenge.app */ = {isa = PBXFileReference; explicitFileType = wrapper.application; includeInIndex = 0; path = MovieSearcherChallenge.app; sourceTree = BUILT_PRODUCTS_DIR; };
		28A2633E2B4045010036CE6C /* AppDelegate.swift */ = {isa = PBXFileReference; lastKnownFileType = sourcecode.swift; path = AppDelegate.swift; sourceTree = "<group>"; };
		28A263402B4045010036CE6C /* SceneDelegate.swift */ = {isa = PBXFileReference; lastKnownFileType = sourcecode.swift; path = SceneDelegate.swift; sourceTree = "<group>"; };
		28A263422B4045010036CE6C /* HomeViewController.swift */ = {isa = PBXFileReference; lastKnownFileType = sourcecode.swift; path = HomeViewController.swift; sourceTree = "<group>"; };
		28A263482B4045010036CE6C /* MovieSearcherChallenge.xcdatamodel */ = {isa = PBXFileReference; lastKnownFileType = wrapper.xcdatamodel; path = MovieSearcherChallenge.xcdatamodel; sourceTree = "<group>"; };
		28A2634A2B4045020036CE6C /* Assets.xcassets */ = {isa = PBXFileReference; lastKnownFileType = folder.assetcatalog; path = Assets.xcassets; sourceTree = "<group>"; };
		28A2634F2B4045020036CE6C /* Info.plist */ = {isa = PBXFileReference; lastKnownFileType = text.plist.xml; path = Info.plist; sourceTree = "<group>"; };
		28A2635D2B404F7E0036CE6C /* Main.storyboard */ = {isa = PBXFileReference; fileEncoding = 4; lastKnownFileType = file.storyboard; name = Main.storyboard; path = ../../../../.Trash/Main.storyboard; sourceTree = "<group>"; };
		28A263632B4051A40036CE6C /* Color+Extension.swift */ = {isa = PBXFileReference; lastKnownFileType = sourcecode.swift; path = "Color+Extension.swift"; sourceTree = "<group>"; };
		28A263652B40543D0036CE6C /* UIScreen+Extension.swift */ = {isa = PBXFileReference; lastKnownFileType = sourcecode.swift; path = "UIScreen+Extension.swift"; sourceTree = "<group>"; };
		28A263682B43177D0036CE6C /* HeaderView.swift */ = {isa = PBXFileReference; lastKnownFileType = sourcecode.swift; path = HeaderView.swift; sourceTree = "<group>"; };
		28A2636A2B4319FC0036CE6C /* Image+Extension.swift */ = {isa = PBXFileReference; lastKnownFileType = sourcecode.swift; path = "Image+Extension.swift"; sourceTree = "<group>"; };
		28A2636C2B431F2A0036CE6C /* View+Extension.swift */ = {isa = PBXFileReference; lastKnownFileType = sourcecode.swift; path = "View+Extension.swift"; sourceTree = "<group>"; };
		28A2636F2B4320C40036CE6C /* MovieCardView.swift */ = {isa = PBXFileReference; lastKnownFileType = sourcecode.swift; path = MovieCardView.swift; sourceTree = "<group>"; };
		28A263722B432BD40036CE6C /* PaginatorView.swift */ = {isa = PBXFileReference; lastKnownFileType = sourcecode.swift; path = PaginatorView.swift; sourceTree = "<group>"; };
/* End PBXFileReference section */

/* Begin PBXFrameworksBuildPhase section */
		28A263382B4045010036CE6C /* Frameworks */ = {
			isa = PBXFrameworksBuildPhase;
			buildActionMask = 2147483647;
			files = (
			);
			runOnlyForDeploymentPostprocessing = 0;
		};
/* End PBXFrameworksBuildPhase section */

/* Begin PBXGroup section */
		28A263322B4045010036CE6C = {
			isa = PBXGroup;
			children = (
				28A2633D2B4045010036CE6C /* MovieSearcherChallenge */,
				28A2633C2B4045010036CE6C /* Products */,
			);
			sourceTree = "<group>";
		};
		28A2633C2B4045010036CE6C /* Products */ = {
			isa = PBXGroup;
			children = (
				28A2633B2B4045010036CE6C /* MovieSearcherChallenge.app */,
			);
			name = Products;
			sourceTree = "<group>";
		};
		28A2633D2B4045010036CE6C /* MovieSearcherChallenge */ = {
			isa = PBXGroup;
			children = (
				28A2633E2B4045010036CE6C /* AppDelegate.swift */,
				28A263402B4045010036CE6C /* SceneDelegate.swift */,
				28A2635D2B404F7E0036CE6C /* Main.storyboard */,
				28A2634A2B4045020036CE6C /* Assets.xcassets */,
				28A2634F2B4045020036CE6C /* Info.plist */,
				28A263472B4045010036CE6C /* MovieSearcherChallenge.xcdatamodeld */,
				28A263622B40515D0036CE6C /* Extensions */,
				28A263612B4051020036CE6C /* Repositories */,
				28A263602B4050E60036CE6C /* Views */,
				28A2635F2B4050D80036CE6C /* ViewControllers */,
			);
			path = MovieSearcherChallenge;
			sourceTree = "<group>";
		};
		28A2635F2B4050D80036CE6C /* ViewControllers */ = {
			isa = PBXGroup;
			children = (
				28A263422B4045010036CE6C /* HomeViewController.swift */,
			);
			path = ViewControllers;
			sourceTree = "<group>";
		};
		28A263602B4050E60036CE6C /* Views */ = {
			isa = PBXGroup;
			children = (
				28A263712B432BC50036CE6C /* Paginator */,
				28A2636E2B4320B00036CE6C /* MovieCard */,
				28A263672B4317540036CE6C /* HeaderView */,
			);
			path = Views;
			sourceTree = "<group>";
		};
		28A263612B4051020036CE6C /* Repositories */ = {
			isa = PBXGroup;
			children = (
			);
			path = Repositories;
			sourceTree = "<group>";
		};
		28A263622B40515D0036CE6C /* Extensions */ = {
			isa = PBXGroup;
			children = (
				28A263632B4051A40036CE6C /* Color+Extension.swift */,
				28A263652B40543D0036CE6C /* UIScreen+Extension.swift */,
				28A2636A2B4319FC0036CE6C /* Image+Extension.swift */,
				28A2636C2B431F2A0036CE6C /* View+Extension.swift */,
			);
			path = Extensions;
			sourceTree = "<group>";
		};
		28A263672B4317540036CE6C /* HeaderView */ = {
			isa = PBXGroup;
			children = (
				28A263682B43177D0036CE6C /* HeaderView.swift */,
			);
			path = HeaderView;
			sourceTree = "<group>";
		};
		28A2636E2B4320B00036CE6C /* MovieCard */ = {
			isa = PBXGroup;
			children = (
				28A2636F2B4320C40036CE6C /* MovieCardView.swift */,
			);
			path = MovieCard;
			sourceTree = "<group>";
		};
		28A263712B432BC50036CE6C /* Paginator */ = {
			isa = PBXGroup;
			children = (
				28A263722B432BD40036CE6C /* PaginatorView.swift */,
			);
			path = Paginator;
			sourceTree = "<group>";
		};
/* End PBXGroup section */

/* Begin PBXNativeTarget section */
		28A2633A2B4045010036CE6C /* MovieSearcherChallenge */ = {
			isa = PBXNativeTarget;
			buildConfigurationList = 28A263522B4045020036CE6C /* Build configuration list for PBXNativeTarget "MovieSearcherChallenge" */;
			buildPhases = (
				28A263372B4045010036CE6C /* Sources */,
				28A263382B4045010036CE6C /* Frameworks */,
				28A263392B4045010036CE6C /* Resources */,
			);
			buildRules = (
			);
			dependencies = (
			);
			name = MovieSearcherChallenge;
			productName = MovieSearcherChallenge;
			productReference = 28A2633B2B4045010036CE6C /* MovieSearcherChallenge.app */;
			productType = "com.apple.product-type.application";
		};
/* End PBXNativeTarget section */

/* Begin PBXProject section */
		28A263332B4045010036CE6C /* Project object */ = {
			isa = PBXProject;
			attributes = {
				BuildIndependentTargetsInParallel = 1;
				LastSwiftUpdateCheck = 1430;
				LastUpgradeCheck = 1430;
				TargetAttributes = {
					28A2633A2B4045010036CE6C = {
						CreatedOnToolsVersion = 14.3.1;
					};
				};
			};
			buildConfigurationList = 28A263362B4045010036CE6C /* Build configuration list for PBXProject "MovieSearcherChallenge" */;
			compatibilityVersion = "Xcode 14.0";
			developmentRegion = en;
			hasScannedForEncodings = 0;
			knownRegions = (
				en,
				Base,
			);
			mainGroup = 28A263322B4045010036CE6C;
			productRefGroup = 28A2633C2B4045010036CE6C /* Products */;
			projectDirPath = "";
			projectRoot = "";
			targets = (
				28A2633A2B4045010036CE6C /* MovieSearcherChallenge */,
			);
		};
/* End PBXProject section */

/* Begin PBXResourcesBuildPhase section */
		28A263392B4045010036CE6C /* Resources */ = {
			isa = PBXResourcesBuildPhase;
			buildActionMask = 2147483647;
			files = (
				28A2634B2B4045020036CE6C /* Assets.xcassets in Resources */,
				28A2635E2B404F7E0036CE6C /* Main.storyboard in Resources */,
			);
			runOnlyForDeploymentPostprocessing = 0;
		};
/* End PBXResourcesBuildPhase section */

/* Begin PBXSourcesBuildPhase section */
		28A263372B4045010036CE6C /* Sources */ = {
			isa = PBXSourcesBuildPhase;
			buildActionMask = 2147483647;
			files = (
				28A263432B4045010036CE6C /* HomeViewController.swift in Sources */,
				28A263702B4320C40036CE6C /* MovieCardView.swift in Sources */,
				28A263642B4051A40036CE6C /* Color+Extension.swift in Sources */,
				28A2633F2B4045010036CE6C /* AppDelegate.swift in Sources */,
				28A2636B2B4319FC0036CE6C /* Image+Extension.swift in Sources */,
				28A263412B4045010036CE6C /* SceneDelegate.swift in Sources */,
				28A263492B4045010036CE6C /* MovieSearcherChallenge.xcdatamodeld in Sources */,
				28A263732B432BD40036CE6C /* PaginatorView.swift in Sources */,
				28A263662B40543D0036CE6C /* UIScreen+Extension.swift in Sources */,
				28A2636D2B431F2A0036CE6C /* View+Extension.swift in Sources */,
				28A263692B43177D0036CE6C /* HeaderView.swift in Sources */,
			);
			runOnlyForDeploymentPostprocessing = 0;
		};
/* End PBXSourcesBuildPhase section */

/* Begin XCBuildConfiguration section */
		28A263502B4045020036CE6C /* Debug */ = {
			isa = XCBuildConfiguration;
			buildSettings = {
				ALWAYS_SEARCH_USER_PATHS = NO;
				CLANG_ANALYZER_NONNULL = YES;
				CLANG_ANALYZER_NUMBER_OBJECT_CONVERSION = YES_AGGRESSIVE;
				CLANG_CXX_LANGUAGE_STANDARD = "gnu++20";
				CLANG_ENABLE_MODULES = YES;
				CLANG_ENABLE_OBJC_ARC = YES;
				CLANG_ENABLE_OBJC_WEAK = YES;
				CLANG_WARN_BLOCK_CAPTURE_AUTORELEASING = YES;
				CLANG_WARN_BOOL_CONVERSION = YES;
				CLANG_WARN_COMMA = YES;
				CLANG_WARN_CONSTANT_CONVERSION = YES;
				CLANG_WARN_DEPRECATED_OBJC_IMPLEMENTATIONS = YES;
				CLANG_WARN_DIRECT_OBJC_ISA_USAGE = YES_ERROR;
				CLANG_WARN_DOCUMENTATION_COMMENTS = YES;
				CLANG_WARN_EMPTY_BODY = YES;
				CLANG_WARN_ENUM_CONVERSION = YES;
				CLANG_WARN_INFINITE_RECURSION = YES;
				CLANG_WARN_INT_CONVERSION = YES;
				CLANG_WARN_NON_LITERAL_NULL_CONVERSION = YES;
				CLANG_WARN_OBJC_IMPLICIT_RETAIN_SELF = YES;
				CLANG_WARN_OBJC_LITERAL_CONVERSION = YES;
				CLANG_WARN_OBJC_ROOT_CLASS = YES_ERROR;
				CLANG_WARN_QUOTED_INCLUDE_IN_FRAMEWORK_HEADER = YES;
				CLANG_WARN_RANGE_LOOP_ANALYSIS = YES;
				CLANG_WARN_STRICT_PROTOTYPES = YES;
				CLANG_WARN_SUSPICIOUS_MOVE = YES;
				CLANG_WARN_UNGUARDED_AVAILABILITY = YES_AGGRESSIVE;
				CLANG_WARN_UNREACHABLE_CODE = YES;
				CLANG_WARN__DUPLICATE_METHOD_MATCH = YES;
				COPY_PHASE_STRIP = NO;
				DEBUG_INFORMATION_FORMAT = dwarf;
				ENABLE_STRICT_OBJC_MSGSEND = YES;
				ENABLE_TESTABILITY = YES;
				GCC_C_LANGUAGE_STANDARD = gnu11;
				GCC_DYNAMIC_NO_PIC = NO;
				GCC_NO_COMMON_BLOCKS = YES;
				GCC_OPTIMIZATION_LEVEL = 0;
				GCC_PREPROCESSOR_DEFINITIONS = (
					"DEBUG=1",
					"$(inherited)",
				);
				GCC_WARN_64_TO_32_BIT_CONVERSION = YES;
				GCC_WARN_ABOUT_RETURN_TYPE = YES_ERROR;
				GCC_WARN_UNDECLARED_SELECTOR = YES;
				GCC_WARN_UNINITIALIZED_AUTOS = YES_AGGRESSIVE;
				GCC_WARN_UNUSED_FUNCTION = YES;
				GCC_WARN_UNUSED_VARIABLE = YES;
				IPHONEOS_DEPLOYMENT_TARGET = 16.4;
				MTL_ENABLE_DEBUG_INFO = INCLUDE_SOURCE;
				MTL_FAST_MATH = YES;
				ONLY_ACTIVE_ARCH = YES;
				SDKROOT = iphoneos;
				SWIFT_ACTIVE_COMPILATION_CONDITIONS = DEBUG;
				SWIFT_OPTIMIZATION_LEVEL = "-Onone";
			};
			name = Debug;
		};
		28A263512B4045020036CE6C /* Release */ = {
			isa = XCBuildConfiguration;
			buildSettings = {
				ALWAYS_SEARCH_USER_PATHS = NO;
				CLANG_ANALYZER_NONNULL = YES;
				CLANG_ANALYZER_NUMBER_OBJECT_CONVERSION = YES_AGGRESSIVE;
				CLANG_CXX_LANGUAGE_STANDARD = "gnu++20";
				CLANG_ENABLE_MODULES = YES;
				CLANG_ENABLE_OBJC_ARC = YES;
				CLANG_ENABLE_OBJC_WEAK = YES;
				CLANG_WARN_BLOCK_CAPTURE_AUTORELEASING = YES;
				CLANG_WARN_BOOL_CONVERSION = YES;
				CLANG_WARN_COMMA = YES;
				CLANG_WARN_CONSTANT_CONVERSION = YES;
				CLANG_WARN_DEPRECATED_OBJC_IMPLEMENTATIONS = YES;
				CLANG_WARN_DIRECT_OBJC_ISA_USAGE = YES_ERROR;
				CLANG_WARN_DOCUMENTATION_COMMENTS = YES;
				CLANG_WARN_EMPTY_BODY = YES;
				CLANG_WARN_ENUM_CONVERSION = YES;
				CLANG_WARN_INFINITE_RECURSION = YES;
				CLANG_WARN_INT_CONVERSION = YES;
				CLANG_WARN_NON_LITERAL_NULL_CONVERSION = YES;
				CLANG_WARN_OBJC_IMPLICIT_RETAIN_SELF = YES;
				CLANG_WARN_OBJC_LITERAL_CONVERSION = YES;
				CLANG_WARN_OBJC_ROOT_CLASS = YES_ERROR;
				CLANG_WARN_QUOTED_INCLUDE_IN_FRAMEWORK_HEADER = YES;
				CLANG_WARN_RANGE_LOOP_ANALYSIS = YES;
				CLANG_WARN_STRICT_PROTOTYPES = YES;
				CLANG_WARN_SUSPICIOUS_MOVE = YES;
				CLANG_WARN_UNGUARDED_AVAILABILITY = YES_AGGRESSIVE;
				CLANG_WARN_UNREACHABLE_CODE = YES;
				CLANG_WARN__DUPLICATE_METHOD_MATCH = YES;
				COPY_PHASE_STRIP = NO;
				DEBUG_INFORMATION_FORMAT = "dwarf-with-dsym";
				ENABLE_NS_ASSERTIONS = NO;
				ENABLE_STRICT_OBJC_MSGSEND = YES;
				GCC_C_LANGUAGE_STANDARD = gnu11;
				GCC_NO_COMMON_BLOCKS = YES;
				GCC_WARN_64_TO_32_BIT_CONVERSION = YES;
				GCC_WARN_ABOUT_RETURN_TYPE = YES_ERROR;
				GCC_WARN_UNDECLARED_SELECTOR = YES;
				GCC_WARN_UNINITIALIZED_AUTOS = YES_AGGRESSIVE;
				GCC_WARN_UNUSED_FUNCTION = YES;
				GCC_WARN_UNUSED_VARIABLE = YES;
				IPHONEOS_DEPLOYMENT_TARGET = 16.4;
				MTL_ENABLE_DEBUG_INFO = NO;
				MTL_FAST_MATH = YES;
				SDKROOT = iphoneos;
				SWIFT_COMPILATION_MODE = wholemodule;
				SWIFT_OPTIMIZATION_LEVEL = "-O";
				VALIDATE_PRODUCT = YES;
			};
			name = Release;
		};
		28A263532B4045020036CE6C /* Debug */ = {
			isa = XCBuildConfiguration;
			buildSettings = {
				ASSETCATALOG_COMPILER_APPICON_NAME = AppIcon;
				ASSETCATALOG_COMPILER_GLOBAL_ACCENT_COLOR_NAME = AccentColor;
				CODE_SIGN_STYLE = Automatic;
				CURRENT_PROJECT_VERSION = 1;
				DEVELOPMENT_TEAM = LNAB8LLX42;
				GENERATE_INFOPLIST_FILE = YES;
				INFOPLIST_FILE = MovieSearcherChallenge/Info.plist;
				INFOPLIST_KEY_UIApplicationSupportsIndirectInputEvents = YES;
				INFOPLIST_KEY_UILaunchStoryboardName = "";
				INFOPLIST_KEY_UIMainStoryboardFile = "";
				INFOPLIST_KEY_UIStatusBarStyle = UIStatusBarStyleLightContent;
				INFOPLIST_KEY_UISupportedInterfaceOrientations_iPad = "UIInterfaceOrientationPortrait UIInterfaceOrientationPortraitUpsideDown UIInterfaceOrientationLandscapeLeft UIInterfaceOrientationLandscapeRight";
				INFOPLIST_KEY_UISupportedInterfaceOrientations_iPhone = "UIInterfaceOrientationPortrait UIInterfaceOrientationLandscapeLeft UIInterfaceOrientationLandscapeRight";
				LD_RUNPATH_SEARCH_PATHS = (
					"$(inherited)",
					"@executable_path/Frameworks",
				);
				MARKETING_VERSION = 1.0;
				PRODUCT_BUNDLE_IDENTIFIER = com.yaokevinn.MovieSearcherChallenge;
				PRODUCT_NAME = "$(TARGET_NAME)";
				SWIFT_EMIT_LOC_STRINGS = YES;
				SWIFT_VERSION = 5.0;
				TARGETED_DEVICE_FAMILY = "1,2";
			};
			name = Debug;
		};
		28A263542B4045020036CE6C /* Release */ = {
			isa = XCBuildConfiguration;
			buildSettings = {
				ASSETCATALOG_COMPILER_APPICON_NAME = AppIcon;
				ASSETCATALOG_COMPILER_GLOBAL_ACCENT_COLOR_NAME = AccentColor;
				CODE_SIGN_STYLE = Automatic;
				CURRENT_PROJECT_VERSION = 1;
				DEVELOPMENT_TEAM = LNAB8LLX42;
				GENERATE_INFOPLIST_FILE = YES;
				INFOPLIST_FILE = MovieSearcherChallenge/Info.plist;
				INFOPLIST_KEY_UIApplicationSupportsIndirectInputEvents = YES;
				INFOPLIST_KEY_UILaunchStoryboardName = "";
				INFOPLIST_KEY_UIMainStoryboardFile = "";
				INFOPLIST_KEY_UIStatusBarStyle = UIStatusBarStyleLightContent;
				INFOPLIST_KEY_UISupportedInterfaceOrientations_iPad = "UIInterfaceOrientationPortrait UIInterfaceOrientationPortraitUpsideDown UIInterfaceOrientationLandscapeLeft UIInterfaceOrientationLandscapeRight";
				INFOPLIST_KEY_UISupportedInterfaceOrientations_iPhone = "UIInterfaceOrientationPortrait UIInterfaceOrientationLandscapeLeft UIInterfaceOrientationLandscapeRight";
				LD_RUNPATH_SEARCH_PATHS = (
					"$(inherited)",
					"@executable_path/Frameworks",
				);
				MARKETING_VERSION = 1.0;
				PRODUCT_BUNDLE_IDENTIFIER = com.yaokevinn.MovieSearcherChallenge;
				PRODUCT_NAME = "$(TARGET_NAME)";
				SWIFT_EMIT_LOC_STRINGS = YES;
				SWIFT_VERSION = 5.0;
				TARGETED_DEVICE_FAMILY = "1,2";
			};
			name = Release;
		};
/* End XCBuildConfiguration section */

/* Begin XCConfigurationList section */
		28A263362B4045010036CE6C /* Build configuration list for PBXProject "MovieSearcherChallenge" */ = {
			isa = XCConfigurationList;
			buildConfigurations = (
				28A263502B4045020036CE6C /* Debug */,
				28A263512B4045020036CE6C /* Release */,
			);
			defaultConfigurationIsVisible = 0;
			defaultConfigurationName = Release;
		};
		28A263522B4045020036CE6C /* Build configuration list for PBXNativeTarget "MovieSearcherChallenge" */ = {
			isa = XCConfigurationList;
			buildConfigurations = (
				28A263532B4045020036CE6C /* Debug */,
				28A263542B4045020036CE6C /* Release */,
			);
			defaultConfigurationIsVisible = 0;
			defaultConfigurationName = Release;
		};
/* End XCConfigurationList section */

/* Begin XCVersionGroup section */
		28A263472B4045010036CE6C /* MovieSearcherChallenge.xcdatamodeld */ = {
			isa = XCVersionGroup;
			children = (
				28A263482B4045010036CE6C /* MovieSearcherChallenge.xcdatamodel */,
			);
			currentVersion = 28A263482B4045010036CE6C /* MovieSearcherChallenge.xcdatamodel */;
			path = MovieSearcherChallenge.xcdatamodeld;
			sourceTree = "<group>";
			versionGroupType = wrapper.xcdatamodel;
		};
/* End XCVersionGroup section */
	};
	rootObject = 28A263332B4045010036CE6C /* Project object */;
}
